
Microsoft Visual Studio Solution File, Format Version 12.00
# Visual Studio 15
VisualStudioVersion = 15.0.26730.8
MinimumVisualStudioVersion = 10.0.40219.1
Project("{FAE04EC0-301F-11D3-BF4B-00C04F79EFBC}") = "gxy.controls", "gxy.datepicker\gxy.controls.csproj", "{D0EC2C6F-E0C5-4011-B677-D5850C30640A}"
EndProject
Project("{FAE04EC0-301F-11D3-BF4B-00C04F79EFBC}") = "TestProject", "TestProject\TestProject.csproj", "{87772885-77CE-47E6-BBC4-9C2CFBB6EC32}"
EndProject
Global
	GlobalSection(SolutionConfigurationPlatforms) = preSolution
		Debug|Any CPU = Debug|Any CPU
		Release|Any CPU = Release|Any CPU
	EndGlobalSection
	GlobalSection(ProjectConfigurationPlatforms) = postSolution
		{D0EC2C6F-E0C5-4011-B677-D5850C30640A}.Debug|Any CPU.ActiveCfg = Debug|Any CPU
		{D0EC2C6F-E0C5-4011-B677-D5850C30640A}.Debug|Any CPU.Build.0 = Debug|Any CPU
		{D0EC2C6F-E0C5-4011-B677-D5850C30640A}.Release|Any CPU.ActiveCfg = Release|Any CPU
		{D0EC2C6F-E0C5-4011-B677-D5850C30640A}.Release|Any CPU.Build.0 = Release|Any CPU
		{87772885-77CE-47E6-BBC4-9C2CFBB6EC32}.Debug|Any CPU.ActiveCfg = Debug|Any CPU
		{87772885-77CE-47E6-BBC4-9C2CFBB6EC32}.Debug|Any CPU.Build.0 = Debug|Any CPU
		{87772885-77CE-47E6-BBC4-9C2CFBB6EC32}.Release|Any CPU.ActiveCfg = Release|Any CPU
		{87772885-77CE-47E6-BBC4-9C2CFBB6EC32}.Release|Any CPU.Build.0 = Release|Any CPU
	EndGlobalSection
	GlobalSection(SolutionProperties) = preSolution
		HideSolutionNode = FALSE
	EndGlobalSection
	GlobalSection(ExtensibilityGlobals) = postSolution
		SolutionGuid = {76AB68DD-2909-4637-BBBB-93DE08030A36}
	EndGlobalSection
EndGlobal
